
Microsoft Visual Studio Solution File, Format Version 12.00
# Visual Studio 15
VisualStudioVersion = 15.0.28307.705
MinimumVisualStudioVersion = 10.0.40219.1
Project("{FAE04EC0-301F-11D3-BF4B-00C04F79EFBC}") = "BallisticsCalcWebApp", "BallisticsCalcApp\BallisticsCalcWebApp.csproj", "{50B1C20A-3CE2-4457-B067-811DCCEF7B5D}"
EndProject
Project("{9A19103F-16F7-4668-BE54-9A1E7A4F7556}") = "BallisticsConsoleDebug", "BallisticsConsoleDebug\BallisticsConsoleDebug.csproj", "{2A24F3E8-3147-4951-B5E8-FE529C12D83D}"
EndProject
Global
	GlobalSection(SolutionConfigurationPlatforms) = preSolution
		Debug|Any CPU = Debug|Any CPU
		Release|Any CPU = Release|Any CPU
	EndGlobalSection
	GlobalSection(ProjectConfigurationPlatforms) = postSolution
		{50B1C20A-3CE2-4457-B067-811DCCEF7B5D}.Debug|Any CPU.ActiveCfg = Debug|Any CPU
		{50B1C20A-3CE2-4457-B067-811DCCEF7B5D}.Debug|Any CPU.Build.0 = Debug|Any CPU
		{50B1C20A-3CE2-4457-B067-811DCCEF7B5D}.Release|Any CPU.ActiveCfg = Release|Any CPU
		{50B1C20A-3CE2-4457-B067-811DCCEF7B5D}.Release|Any CPU.Build.0 = Release|Any CPU
		{2A24F3E8-3147-4951-B5E8-FE529C12D83D}.Debug|Any CPU.ActiveCfg = Debug|Any CPU
		{2A24F3E8-3147-4951-B5E8-FE529C12D83D}.Debug|Any CPU.Build.0 = Debug|Any CPU
		{2A24F3E8-3147-4951-B5E8-FE529C12D83D}.Release|Any CPU.ActiveCfg = Release|Any CPU
		{2A24F3E8-3147-4951-B5E8-FE529C12D83D}.Release|Any CPU.Build.0 = Release|Any CPU
	EndGlobalSection
	GlobalSection(SolutionProperties) = preSolution
		HideSolutionNode = FALSE
	EndGlobalSection
	GlobalSection(ExtensibilityGlobals) = postSolution
		SolutionGuid = {7CD2CA03-D7CC-403B-95DC-20B98C4FAA87}
	EndGlobalSection
EndGlobal
